{
  "nodes": {
    "charm-src": {
      "flake": false,
      "locked": {
        "lastModified": 1750618670,
        "narHash": "sha256-/jfDdzjDkl+AmSFRPyILKp/E5vUpr5iQfd1PUug9/Mo=",
        "owner": "JHUISI",
        "repo": "charm",
        "rev": "7b52fa5399f7a7e159220c9768c1094372e6e959",
        "type": "github"
      },
      "original": {
        "owner": "JHUISI",
        "ref": "dev",
        "repo": "charm",
        "type": "github"
      }
    },
    "flake-utils": {
      "inputs": {
        "systems": "systems"
      },
      "locked": {
        "lastModified": 1731533236,
        "narHash": "sha256-l0KFg5HjrsfsO/JpG+r7fRrqm12kzFHyUHqHCVpMMbI=",
        "owner": "numtide",
        "repo": "flake-utils",
        "rev": "11707dc2f618dd54ca8739b309ec4fc024de578b",
        "type": "github"
      },
      "original": {
        "owner": "numtide",
        "repo": "flake-utils",
        "type": "github"
      }
    },
    "nixpkgs-darwin": {
      "locked": {
        "lastModified": 1719957072,
        "narHash": "sha256-gvFhEf5nszouwLAkT9nWsDzocUTqLWHuL++dvNjMp9I=",
        "owner": "NixOS",
        "repo": "nixpkgs",
        "rev": "7144d6241f02d171d25fba3edeaf15e0f2592105",
        "type": "github"
      },
      "original": {
        "owner": "NixOS",
        "ref": "nixpkgs-23.11-darwin",
        "repo": "nixpkgs",
        "type": "github"
      }
    },
    "nixpkgs-linux": {
      "locked": {
        "lastModified": 1720535198,
        "narHash": "sha256-zwVvxrdIzralnSbcpghA92tWu2DV2lwv89xZc8MTrbg=",
        "owner": "NixOS",
        "repo": "nixpkgs",
        "rev": "205fd4226592cc83fd4c0885a3e4c9c400efabb5",
        "type": "github"
      },
      "original": {
        "owner": "NixOS",
        "ref": "nixos-23.11",
        "repo": "nixpkgs",
        "type": "github"
      }
    },
    "pbc-src": {
      "flake": false,
      "locked": {
        "lastModified": 1753439788,
        "narHash": "sha256-T6Cu1/8mwf04t2P8/XDso6tcuxi1FEcx3FVuH1D2IVc=",
        "owner": "blynn",
        "repo": "pbc",
        "rev": "ec88de0779616282620e00b18608610342888269",
        "type": "github"
      },
      "original": {
        "owner": "blynn",
        "repo": "pbc",
        "type": "github"
      }
    },
    "root": {
      "inputs": {
        "charm-src": "charm-src",
        "flake-utils": "flake-utils",
        "nixpkgs-darwin": "nixpkgs-darwin",
        "nixpkgs-linux": "nixpkgs-linux",
        "pbc-src": "pbc-src"
      }
    },
    "systems": {
      "locked": {
        "lastModified": 1681028828,
        "narHash": "sha256-Vy1rq5AaRuLzOxct8nz4T6wlgyUR7zLU309k9mBC768=",
        "owner": "nix-systems",
        "repo": "default",
        "rev": "da67096a3b9bf56a91d16901293e51ba5b49a27e",
        "type": "github"
      },
      "original": {
        "owner": "nix-systems",
        "repo": "default",
        "type": "github"
      }
    }
  },
  "root": "root",
  "version": 7
}
